
Microsoft Visual Studio Solution File, Format Version 12.00
# Visual Studio Version 16
VisualStudioVersion = 16.0.30517.126
MinimumVisualStudioVersion = 10.0.40219.1
Project("{9A19103F-16F7-4668-BE54-9A1E7A4F7556}") = "MvcMovie", "MvcMovie.csproj", "{36B6D687-47B1-4B68-BB66-CC3B30EC293E}"
EndProject
Project("{FAE04EC0-301F-11D3-BF4B-00C04F79EFBC}") = "NLayerApp.DAL", "..\NLayerApp.DAL\NLayerApp.DAL.csproj", "{437AE5AE-954D-4A4A-870F-540460303F4D}"
EndProject
Project("{FAE04EC0-301F-11D3-BF4B-00C04F79EFBC}") = "NLayerApp.BLL", "..\NLayerApp.BLL\NLayerApp.BLL.csproj", "{0956FF0C-C2E8-410A-85FD-0FE16A9F3EDE}"
EndProject
Global
	GlobalSection(SolutionConfigurationPlatforms) = preSolution
		Debug|Any CPU = Debug|Any CPU
		Release|Any CPU = Release|Any CPU
	EndGlobalSection
	GlobalSection(ProjectConfigurationPlatforms) = postSolution
		{36B6D687-47B1-4B68-BB66-CC3B30EC293E}.Debug|Any CPU.ActiveCfg = Debug|Any CPU
		{36B6D687-47B1-4B68-BB66-CC3B30EC293E}.Debug|Any CPU.Build.0 = Debug|Any CPU
		{36B6D687-47B1-4B68-BB66-CC3B30EC293E}.Release|Any CPU.ActiveCfg = Release|Any CPU
		{36B6D687-47B1-4B68-BB66-CC3B30EC293E}.Release|Any CPU.Build.0 = Release|Any CPU
		{437AE5AE-954D-4A4A-870F-540460303F4D}.Debug|Any CPU.ActiveCfg = Debug|Any CPU
		{437AE5AE-954D-4A4A-870F-540460303F4D}.Debug|Any CPU.Build.0 = Debug|Any CPU
		{437AE5AE-954D-4A4A-870F-540460303F4D}.Release|Any CPU.ActiveCfg = Release|Any CPU
		{437AE5AE-954D-4A4A-870F-540460303F4D}.Release|Any CPU.Build.0 = Release|Any CPU
		{0956FF0C-C2E8-410A-85FD-0FE16A9F3EDE}.Debug|Any CPU.ActiveCfg = Debug|Any CPU
		{0956FF0C-C2E8-410A-85FD-0FE16A9F3EDE}.Debug|Any CPU.Build.0 = Debug|Any CPU
		{0956FF0C-C2E8-410A-85FD-0FE16A9F3EDE}.Release|Any CPU.ActiveCfg = Release|Any CPU
		{0956FF0C-C2E8-410A-85FD-0FE16A9F3EDE}.Release|Any CPU.Build.0 = Release|Any CPU
	EndGlobalSection
	GlobalSection(SolutionProperties) = preSolution
		HideSolutionNode = FALSE
	EndGlobalSection
	GlobalSection(ExtensibilityGlobals) = postSolution
		SolutionGuid = {0BC7376B-52DD-492A-B264-DADE2B656C39}
	EndGlobalSection
EndGlobal
